
Microsoft Visual Studio Solution File, Format Version 12.00
# Visual Studio Version 16
VisualStudioVersion = 16.0.30204.135
MinimumVisualStudioVersion = 10.0.40219.1
Project("{FAE04EC0-301F-11D3-BF4B-00C04F79EFBC}") = "AutoTradeOriginal_v3", "AutoTradeOriginal_v3\AutoTradeOriginal_v3.csproj", "{7D5EE7D9-35DD-404B-92FB-AC35CF9F84B4}"
EndProject
Project("{54435603-DBB4-11D2-8724-00A0C9A8B90C}") = "Setup_NEO_SAVIOR_AT", "Setup_NEO_SAVIOR_AT\Setup_NEO_SAVIOR_AT.vdproj", "{6099BE64-C426-49D5-B689-975F04843F2E}"
EndProject
Project("{54435603-DBB4-11D2-8724-00A0C9A8B90C}") = "Setup_HLAuto", "Setup_HLAuto\Setup_HLAuto.vdproj", "{C63F8337-EFF9-4D79-8E91-3814FDD1C96B}"
EndProject
Project("{54435603-DBB4-11D2-8724-00A0C9A8B90C}") = "SetupHighLowAuto", "SetupHighLowAuto\SetupHighLowAuto.vdproj", "{2334E351-5871-4067-8110-6254656A37B2}"
EndProject
Global
	GlobalSection(SolutionConfigurationPlatforms) = preSolution
		Debug|Any CPU = Debug|Any CPU
		Debug|x86 = Debug|x86
		Release|Any CPU = Release|Any CPU
		Release|x86 = Release|x86
	EndGlobalSection
	GlobalSection(ProjectConfigurationPlatforms) = postSolution
		{7D5EE7D9-35DD-404B-92FB-AC35CF9F84B4}.Debug|Any CPU.ActiveCfg = Debug|Any CPU
		{7D5EE7D9-35DD-404B-92FB-AC35CF9F84B4}.Debug|Any CPU.Build.0 = Debug|Any CPU
		{7D5EE7D9-35DD-404B-92FB-AC35CF9F84B4}.Debug|x86.ActiveCfg = Debug|x86
		{7D5EE7D9-35DD-404B-92FB-AC35CF9F84B4}.Debug|x86.Build.0 = Debug|x86
		{7D5EE7D9-35DD-404B-92FB-AC35CF9F84B4}.Release|Any CPU.ActiveCfg = Release|Any CPU
		{7D5EE7D9-35DD-404B-92FB-AC35CF9F84B4}.Release|Any CPU.Build.0 = Release|Any CPU
		{7D5EE7D9-35DD-404B-92FB-AC35CF9F84B4}.Release|x86.ActiveCfg = Release|x86
		{7D5EE7D9-35DD-404B-92FB-AC35CF9F84B4}.Release|x86.Build.0 = Release|x86
		{6099BE64-C426-49D5-B689-975F04843F2E}.Debug|Any CPU.ActiveCfg = Debug
		{6099BE64-C426-49D5-B689-975F04843F2E}.Debug|x86.ActiveCfg = Debug
		{6099BE64-C426-49D5-B689-975F04843F2E}.Release|Any CPU.ActiveCfg = Release
		{6099BE64-C426-49D5-B689-975F04843F2E}.Release|x86.ActiveCfg = Release
		{C63F8337-EFF9-4D79-8E91-3814FDD1C96B}.Debug|Any CPU.ActiveCfg = Debug
		{C63F8337-EFF9-4D79-8E91-3814FDD1C96B}.Debug|x86.ActiveCfg = Debug
		{C63F8337-EFF9-4D79-8E91-3814FDD1C96B}.Release|Any CPU.ActiveCfg = Release
		{C63F8337-EFF9-4D79-8E91-3814FDD1C96B}.Release|x86.ActiveCfg = Release
		{2334E351-5871-4067-8110-6254656A37B2}.Debug|Any CPU.ActiveCfg = Debug
		{2334E351-5871-4067-8110-6254656A37B2}.Debug|x86.ActiveCfg = Debug
		{2334E351-5871-4067-8110-6254656A37B2}.Release|Any CPU.ActiveCfg = Release
		{2334E351-5871-4067-8110-6254656A37B2}.Release|x86.ActiveCfg = Release
	EndGlobalSection
	GlobalSection(SolutionProperties) = preSolution
		HideSolutionNode = FALSE
	EndGlobalSection
	GlobalSection(ExtensibilityGlobals) = postSolution
		SolutionGuid = {968BD9AE-CB15-4DDA-A028-065764351A1E}
	EndGlobalSection
EndGlobal
